
Microsoft Visual Studio Solution File, Format Version 12.00
# Visual Studio Version 17
VisualStudioVersion = 17.5.2.0
MinimumVisualStudioVersion = 10.0.40219.1
Project("{FAE04EC0-301F-11D3-BF4B-00C04F79EFBC}") = "meeting-copilot", "meeting-copilot.csproj", "{522AAD3C-83F4-B5E5-6DE3-F3BDC0C85BB3}"
EndProject
Project("{FAE04EC0-301F-11D3-BF4B-00C04F79EFBC}") = "MeetingCopilot.AppHost", "MeetingCopilot.AppHost\MeetingCopilot.AppHost.csproj", "{99802F12-CFFE-45A9-A01D-6D87DDD42462}"
EndProject
Project("{FAE04EC0-301F-11D3-BF4B-00C04F79EFBC}") = "MeetingCopilot.ServiceDefaults", "MeetingCopilot.ServiceDefaults\MeetingCopilot.ServiceDefaults.csproj", "{3258DA2B-6E5A-4DD5-90C3-B8683FFA2243}"
EndProject
Project("{2150E333-8FDC-42A3-9474-1A3956D46DE8}") = "src", "src", "{827E0CD3-B72D-47B6-A68D-7590B98EB39B}"
EndProject
Project("{FAE04EC0-301F-11D3-BF4B-00C04F79EFBC}") = "MeetingCopilot.Contracts", "src\MeetingCopilot.Contracts\MeetingCopilot.Contracts.csproj", "{BA5F6BCC-2F88-4B6A-B136-92E9BCEC047C}"
EndProject
Project("{FAE04EC0-301F-11D3-BF4B-00C04F79EFBC}") = "MeetingCopilot.Memory", "src\MeetingCopilot.Memory\MeetingCopilot.Memory.csproj", "{1D51CBC0-FE0D-424C-867F-94D6DC674387}"
EndProject
Project("{FAE04EC0-301F-11D3-BF4B-00C04F79EFBC}") = "MeetingCopilot.Agents", "src\MeetingCopilot.Agents\MeetingCopilot.Agents.csproj", "{061248DC-A0F0-445D-BB3B-8D8F141A1848}"
EndProject
Global
	GlobalSection(SolutionConfigurationPlatforms) = preSolution
		Debug|Any CPU = Debug|Any CPU
		Debug|x64 = Debug|x64
		Debug|x86 = Debug|x86
		Release|Any CPU = Release|Any CPU
		Release|x64 = Release|x64
		Release|x86 = Release|x86
	EndGlobalSection
	GlobalSection(ProjectConfigurationPlatforms) = postSolution
		{522AAD3C-83F4-B5E5-6DE3-F3BDC0C85BB3}.Debug|Any CPU.ActiveCfg = Debug|Any CPU
		{522AAD3C-83F4-B5E5-6DE3-F3BDC0C85BB3}.Debug|Any CPU.Build.0 = Debug|Any CPU
		{522AAD3C-83F4-B5E5-6DE3-F3BDC0C85BB3}.Debug|x64.ActiveCfg = Debug|Any CPU
		{522AAD3C-83F4-B5E5-6DE3-F3BDC0C85BB3}.Debug|x64.Build.0 = Debug|Any CPU
		{522AAD3C-83F4-B5E5-6DE3-F3BDC0C85BB3}.Debug|x86.ActiveCfg = Debug|Any CPU
		{522AAD3C-83F4-B5E5-6DE3-F3BDC0C85BB3}.Debug|x86.Build.0 = Debug|Any CPU
		{522AAD3C-83F4-B5E5-6DE3-F3BDC0C85BB3}.Release|Any CPU.ActiveCfg = Release|Any CPU
		{522AAD3C-83F4-B5E5-6DE3-F3BDC0C85BB3}.Release|Any CPU.Build.0 = Release|Any CPU
		{522AAD3C-83F4-B5E5-6DE3-F3BDC0C85BB3}.Release|x64.ActiveCfg = Release|Any CPU
		{522AAD3C-83F4-B5E5-6DE3-F3BDC0C85BB3}.Release|x64.Build.0 = Release|Any CPU
		{522AAD3C-83F4-B5E5-6DE3-F3BDC0C85BB3}.Release|x86.ActiveCfg = Release|Any CPU
		{522AAD3C-83F4-B5E5-6DE3-F3BDC0C85BB3}.Release|x86.Build.0 = Release|Any CPU
		{99802F12-CFFE-45A9-A01D-6D87DDD42462}.Debug|Any CPU.ActiveCfg = Debug|Any CPU
		{99802F12-CFFE-45A9-A01D-6D87DDD42462}.Debug|Any CPU.Build.0 = Debug|Any CPU
		{99802F12-CFFE-45A9-A01D-6D87DDD42462}.Debug|x64.ActiveCfg = Debug|Any CPU
		{99802F12-CFFE-45A9-A01D-6D87DDD42462}.Debug|x64.Build.0 = Debug|Any CPU
		{99802F12-CFFE-45A9-A01D-6D87DDD42462}.Debug|x86.ActiveCfg = Debug|Any CPU
		{99802F12-CFFE-45A9-A01D-6D87DDD42462}.Debug|x86.Build.0 = Debug|Any CPU
		{99802F12-CFFE-45A9-A01D-6D87DDD42462}.Release|Any CPU.ActiveCfg = Release|Any CPU
		{99802F12-CFFE-45A9-A01D-6D87DDD42462}.Release|Any CPU.Build.0 = Release|Any CPU
		{99802F12-CFFE-45A9-A01D-6D87DDD42462}.Release|x64.ActiveCfg = Release|Any CPU
		{99802F12-CFFE-45A9-A01D-6D87DDD42462}.Release|x64.Build.0 = Release|Any CPU
		{99802F12-CFFE-45A9-A01D-6D87DDD42462}.Release|x86.ActiveCfg = Release|Any CPU
		{99802F12-CFFE-45A9-A01D-6D87DDD42462}.Release|x86.Build.0 = Release|Any CPU
		{3258DA2B-6E5A-4DD5-90C3-B8683FFA2243}.Debug|Any CPU.ActiveCfg = Debug|Any CPU
		{3258DA2B-6E5A-4DD5-90C3-B8683FFA2243}.Debug|Any CPU.Build.0 = Debug|Any CPU
		{3258DA2B-6E5A-4DD5-90C3-B8683FFA2243}.Debug|x64.ActiveCfg = Debug|Any CPU
		{3258DA2B-6E5A-4DD5-90C3-B8683FFA2243}.Debug|x64.Build.0 = Debug|Any CPU
		{3258DA2B-6E5A-4DD5-90C3-B8683FFA2243}.Debug|x86.ActiveCfg = Debug|Any CPU
		{3258DA2B-6E5A-4DD5-90C3-B8683FFA2243}.Debug|x86.Build.0 = Debug|Any CPU
		{3258DA2B-6E5A-4DD5-90C3-B8683FFA2243}.Release|Any CPU.ActiveCfg = Release|Any CPU
		{3258DA2B-6E5A-4DD5-90C3-B8683FFA2243}.Release|Any CPU.Build.0 = Release|Any CPU
		{3258DA2B-6E5A-4DD5-90C3-B8683FFA2243}.Release|x64.ActiveCfg = Release|Any CPU
		{3258DA2B-6E5A-4DD5-90C3-B8683FFA2243}.Release|x64.Build.0 = Release|Any CPU
		{3258DA2B-6E5A-4DD5-90C3-B8683FFA2243}.Release|x86.ActiveCfg = Release|Any CPU
		{3258DA2B-6E5A-4DD5-90C3-B8683FFA2243}.Release|x86.Build.0 = Release|Any CPU
		{BA5F6BCC-2F88-4B6A-B136-92E9BCEC047C}.Debug|Any CPU.ActiveCfg = Debug|Any CPU
		{BA5F6BCC-2F88-4B6A-B136-92E9BCEC047C}.Debug|Any CPU.Build.0 = Debug|Any CPU
		{BA5F6BCC-2F88-4B6A-B136-92E9BCEC047C}.Debug|x64.ActiveCfg = Debug|Any CPU
		{BA5F6BCC-2F88-4B6A-B136-92E9BCEC047C}.Debug|x64.Build.0 = Debug|Any CPU
		{BA5F6BCC-2F88-4B6A-B136-92E9BCEC047C}.Debug|x86.ActiveCfg = Debug|Any CPU
		{BA5F6BCC-2F88-4B6A-B136-92E9BCEC047C}.Debug|x86.Build.0 = Debug|Any CPU
		{BA5F6BCC-2F88-4B6A-B136-92E9BCEC047C}.Release|Any CPU.ActiveCfg = Release|Any CPU
		{BA5F6BCC-2F88-4B6A-B136-92E9BCEC047C}.Release|Any CPU.Build.0 = Release|Any CPU
		{BA5F6BCC-2F88-4B6A-B136-92E9BCEC047C}.Release|x64.ActiveCfg = Release|Any CPU
		{BA5F6BCC-2F88-4B6A-B136-92E9BCEC047C}.Release|x64.Build.0 = Release|Any CPU
		{BA5F6BCC-2F88-4B6A-B136-92E9BCEC047C}.Release|x86.ActiveCfg = Release|Any CPU
		{BA5F6BCC-2F88-4B6A-B136-92E9BCEC047C}.Release|x86.Build.0 = Release|Any CPU
		{1D51CBC0-FE0D-424C-867F-94D6DC674387}.Debug|Any CPU.ActiveCfg = Debug|Any CPU
		{1D51CBC0-FE0D-424C-867F-94D6DC674387}.Debug|Any CPU.Build.0 = Debug|Any CPU
		{1D51CBC0-FE0D-424C-867F-94D6DC674387}.Debug|x64.ActiveCfg = Debug|Any CPU
		{1D51CBC0-FE0D-424C-867F-94D6DC674387}.Debug|x64.Build.0 = Debug|Any CPU
		{1D51CBC0-FE0D-424C-867F-94D6DC674387}.Debug|x86.ActiveCfg = Debug|Any CPU
		{1D51CBC0-FE0D-424C-867F-94D6DC674387}.Debug|x86.Build.0 = Debug|Any CPU
		{1D51CBC0-FE0D-424C-867F-94D6DC674387}.Release|Any CPU.ActiveCfg = Release|Any CPU
		{1D51CBC0-FE0D-424C-867F-94D6DC674387}.Release|Any CPU.Build.0 = Release|Any CPU
		{1D51CBC0-FE0D-424C-867F-94D6DC674387}.Release|x64.ActiveCfg = Release|Any CPU
		{1D51CBC0-FE0D-424C-867F-94D6DC674387}.Release|x64.Build.0 = Release|Any CPU
		{1D51CBC0-FE0D-424C-867F-94D6DC674387}.Release|x86.ActiveCfg = Release|Any CPU
		{1D51CBC0-FE0D-424C-867F-94D6DC674387}.Release|x86.Build.0 = Release|Any CPU
		{061248DC-A0F0-445D-BB3B-8D8F141A1848}.Debug|Any CPU.ActiveCfg = Debug|Any CPU
		{061248DC-A0F0-445D-BB3B-8D8F141A1848}.Debug|Any CPU.Build.0 = Debug|Any CPU
		{061248DC-A0F0-445D-BB3B-8D8F141A1848}.Debug|x64.ActiveCfg = Debug|Any CPU
		{061248DC-A0F0-445D-BB3B-8D8F141A1848}.Debug|x64.Build.0 = Debug|Any CPU
		{061248DC-A0F0-445D-BB3B-8D8F141A1848}.Debug|x86.ActiveCfg = Debug|Any CPU
		{061248DC-A0F0-445D-BB3B-8D8F141A1848}.Debug|x86.Build.0 = Debug|Any CPU
		{061248DC-A0F0-445D-BB3B-8D8F141A1848}.Release|Any CPU.ActiveCfg = Release|Any CPU
		{061248DC-A0F0-445D-BB3B-8D8F141A1848}.Release|Any CPU.Build.0 = Release|Any CPU
		{061248DC-A0F0-445D-BB3B-8D8F141A1848}.Release|x64.ActiveCfg = Release|Any CPU
		{061248DC-A0F0-445D-BB3B-8D8F141A1848}.Release|x64.Build.0 = Release|Any CPU
		{061248DC-A0F0-445D-BB3B-8D8F141A1848}.Release|x86.ActiveCfg = Release|Any CPU
		{061248DC-A0F0-445D-BB3B-8D8F141A1848}.Release|x86.Build.0 = Release|Any CPU
	EndGlobalSection
	GlobalSection(SolutionProperties) = preSolution
		HideSolutionNode = FALSE
	EndGlobalSection
	GlobalSection(NestedProjects) = preSolution
		{BA5F6BCC-2F88-4B6A-B136-92E9BCEC047C} = {827E0CD3-B72D-47B6-A68D-7590B98EB39B}
		{1D51CBC0-FE0D-424C-867F-94D6DC674387} = {827E0CD3-B72D-47B6-A68D-7590B98EB39B}
		{061248DC-A0F0-445D-BB3B-8D8F141A1848} = {827E0CD3-B72D-47B6-A68D-7590B98EB39B}
	EndGlobalSection
	GlobalSection(ExtensibilityGlobals) = postSolution
		SolutionGuid = {679DFF2E-8ADB-4B43-A708-F830A42D2B6D}
	EndGlobalSection
EndGlobal
