Microsoft Visual Studio Solution File, Format Version 12.00
# Visual Studio Version 17
VisualStudioVersion = 17.5.2.0
MinimumVisualStudioVersion = 10.0.40219.1
Project("{FAE04EC0-301F-11D3-BF4B-00C04F79EFBC}") = "meeting-copilot", "meeting-copilot.csproj", "{522AAD3C-83F4-B5E5-6DE3-F3BDC0C85BB3}"
EndProject
Global
	GlobalSection(SolutionConfigurationPlatforms) = preSolution
		Debug|Any CPU = Debug|Any CPU
		Release|Any CPU = Release|Any CPU
	EndGlobalSection
	GlobalSection(ProjectConfigurationPlatforms) = postSolution
		{522AAD3C-83F4-B5E5-6DE3-F3BDC0C85BB3}.Debug|Any CPU.ActiveCfg = Debug|Any CPU
		{522AAD3C-83F4-B5E5-6DE3-F3BDC0C85BB3}.Debug|Any CPU.Build.0 = Debug|Any CPU
		{522AAD3C-83F4-B5E5-6DE3-F3BDC0C85BB3}.Release|Any CPU.ActiveCfg = Release|Any CPU
		{522AAD3C-83F4-B5E5-6DE3-F3BDC0C85BB3}.Release|Any CPU.Build.0 = Release|Any CPU
	EndGlobalSection
	GlobalSection(SolutionProperties) = preSolution
		HideSolutionNode = FALSE
	EndGlobalSection
	GlobalSection(ExtensibilityGlobals) = postSolution
		SolutionGuid = {679DFF2E-8ADB-4B43-A708-F830A42D2B6D}
	EndGlobalSection
EndGlobal
